
Microsoft Visual Studio Solution File, Format Version 12.00
# Visual Studio Version 17
VisualStudioVersion = 17.2.32616.157
MinimumVisualStudioVersion = 10.0.40219.1
Project("{FAE04EC0-301F-11D3-BF4B-00C04F79EFBC}") = "WebApi", "WebApi\WebApi.csproj", "{D58129D9-D48E-429C-97B6-0C9616E42447}"
EndProject
Global
	GlobalSection(SolutionConfigurationPlatforms) = preSolution
		Debug|Any CPU = Debug|Any CPU
		Release|Any CPU = Release|Any CPU
	EndGlobalSection
	GlobalSection(ProjectConfigurationPlatforms) = postSolution
		{D58129D9-D48E-429C-97B6-0C9616E42447}.Debug|Any CPU.ActiveCfg = Debug|Any CPU
		{D58129D9-D48E-429C-97B6-0C9616E42447}.Debug|Any CPU.Build.0 = Debug|Any CPU
		{D58129D9-D48E-429C-97B6-0C9616E42447}.Release|Any CPU.ActiveCfg = Release|Any CPU
		{D58129D9-D48E-429C-97B6-0C9616E42447}.Release|Any CPU.Build.0 = Release|Any CPU
	EndGlobalSection
	GlobalSection(SolutionProperties) = preSolution
		HideSolutionNode = FALSE
	EndGlobalSection
	GlobalSection(ExtensibilityGlobals) = postSolution
		SolutionGuid = {5A4D2C4E-58FD-408F-AA61-1B066125613B}
	EndGlobalSection
EndGlobal
