
Microsoft Visual Studio Solution File, Format Version 12.00
# Visual Studio Version 16
VisualStudioVersion = 16.0.30330.147
MinimumVisualStudioVersion = 10.0.40219.1
Project("{FAE04EC0-301F-11D3-BF4B-00C04F79EFBC}") = "RedisConsole", "RedisConsole.csproj", "{EF761B3C-3B8C-434A-8750-5D53B15C24DD}"
EndProject
Global
	GlobalSection(SolutionConfigurationPlatforms) = preSolution
		Debug|Any CPU = Debug|Any CPU
		Release|Any CPU = Release|Any CPU
	EndGlobalSection
	GlobalSection(ProjectConfigurationPlatforms) = postSolution
		{EF761B3C-3B8C-434A-8750-5D53B15C24DD}.Debug|Any CPU.ActiveCfg = Debug|Any CPU
		{EF761B3C-3B8C-434A-8750-5D53B15C24DD}.Debug|Any CPU.Build.0 = Debug|Any CPU
		{EF761B3C-3B8C-434A-8750-5D53B15C24DD}.Release|Any CPU.ActiveCfg = Release|Any CPU
		{EF761B3C-3B8C-434A-8750-5D53B15C24DD}.Release|Any CPU.Build.0 = Release|Any CPU
	EndGlobalSection
	GlobalSection(SolutionProperties) = preSolution
		HideSolutionNode = FALSE
	EndGlobalSection
	GlobalSection(ExtensibilityGlobals) = postSolution
		SolutionGuid = {20F1FAB6-91B3-45DA-A757-B5DF91EF6F1F}
	EndGlobalSection
EndGlobal
