
Microsoft Visual Studio Solution File, Format Version 12.00
# Visual Studio Version 16
VisualStudioVersion = 16.0.30204.135
MinimumVisualStudioVersion = 10.0.40219.1
Project("{FAE04EC0-301F-11D3-BF4B-00C04F79EFBC}") = "GetHostName", "GetHostName\GetHostName.csproj", "{B8F22397-C3E9-4A7F-AE00-EC408B9874B2}"
EndProject
Global
	GlobalSection(SolutionConfigurationPlatforms) = preSolution
		Debug|Any CPU = Debug|Any CPU
		Release|Any CPU = Release|Any CPU
	EndGlobalSection
	GlobalSection(ProjectConfigurationPlatforms) = postSolution
		{B8F22397-C3E9-4A7F-AE00-EC408B9874B2}.Debug|Any CPU.ActiveCfg = Debug|Any CPU
		{B8F22397-C3E9-4A7F-AE00-EC408B9874B2}.Debug|Any CPU.Build.0 = Debug|Any CPU
		{B8F22397-C3E9-4A7F-AE00-EC408B9874B2}.Release|Any CPU.ActiveCfg = Release|Any CPU
		{B8F22397-C3E9-4A7F-AE00-EC408B9874B2}.Release|Any CPU.Build.0 = Release|Any CPU
	EndGlobalSection
	GlobalSection(SolutionProperties) = preSolution
		HideSolutionNode = FALSE
	EndGlobalSection
	GlobalSection(ExtensibilityGlobals) = postSolution
		SolutionGuid = {5D026F51-6494-4DF8-B899-3C88AA31F30D}
	EndGlobalSection
EndGlobal
