
Microsoft Visual Studio Solution File, Format Version 12.00
# Visual Studio 15
VisualStudioVersion = 15.0.28307.329
MinimumVisualStudioVersion = 10.0.40219.1
Project("{FAE04EC0-301F-11D3-BF4B-00C04F79EFBC}") = "ConsoleApp1", "ConsoleApp1\ConsoleApp1.csproj", "{D2E8728B-B521-40C9-A124-6896B048D947}"
EndProject
Global
	GlobalSection(SolutionConfigurationPlatforms) = preSolution
		Debug|Any CPU = Debug|Any CPU
		Release|Any CPU = Release|Any CPU
	EndGlobalSection
	GlobalSection(ProjectConfigurationPlatforms) = postSolution
		{D2E8728B-B521-40C9-A124-6896B048D947}.Debug|Any CPU.ActiveCfg = Debug|Any CPU
		{D2E8728B-B521-40C9-A124-6896B048D947}.Debug|Any CPU.Build.0 = Debug|Any CPU
		{D2E8728B-B521-40C9-A124-6896B048D947}.Release|Any CPU.ActiveCfg = Release|Any CPU
		{D2E8728B-B521-40C9-A124-6896B048D947}.Release|Any CPU.Build.0 = Release|Any CPU
	EndGlobalSection
	GlobalSection(SolutionProperties) = preSolution
		HideSolutionNode = FALSE
	EndGlobalSection
	GlobalSection(ExtensibilityGlobals) = postSolution
		SolutionGuid = {38E79A93-2D44-48B7-9172-903BBA84BC4B}
	EndGlobalSection
EndGlobal
