
Microsoft Visual Studio Solution File, Format Version 12.00
# Visual Studio 15
VisualStudioVersion = 15.0.28307.329
MinimumVisualStudioVersion = 10.0.40219.1
Project("{FAE04EC0-301F-11D3-BF4B-00C04F79EFBC}") = "WebApplication1", "WebApplication1\WebApplication1.csproj", "{51D4627C-85DD-4DFC-A7E0-D0EACD273DCE}"
EndProject
Global
	GlobalSection(SolutionConfigurationPlatforms) = preSolution
		Debug|Any CPU = Debug|Any CPU
		Release|Any CPU = Release|Any CPU
	EndGlobalSection
	GlobalSection(ProjectConfigurationPlatforms) = postSolution
		{51D4627C-85DD-4DFC-A7E0-D0EACD273DCE}.Debug|Any CPU.ActiveCfg = Debug|Any CPU
		{51D4627C-85DD-4DFC-A7E0-D0EACD273DCE}.Debug|Any CPU.Build.0 = Debug|Any CPU
		{51D4627C-85DD-4DFC-A7E0-D0EACD273DCE}.Release|Any CPU.ActiveCfg = Release|Any CPU
		{51D4627C-85DD-4DFC-A7E0-D0EACD273DCE}.Release|Any CPU.Build.0 = Release|Any CPU
	EndGlobalSection
	GlobalSection(SolutionProperties) = preSolution
		HideSolutionNode = FALSE
	EndGlobalSection
	GlobalSection(ExtensibilityGlobals) = postSolution
		SolutionGuid = {2A66D614-569A-43F9-A686-A2CE10039BC5}
	EndGlobalSection
EndGlobal
