
Microsoft Visual Studio Solution File, Format Version 12.00
# Visual Studio Version 16
VisualStudioVersion = 16.0.29326.143
MinimumVisualStudioVersion = 10.0.40219.1
Project("{FAE04EC0-301F-11D3-BF4B-00C04F79EFBC}") = "ConsoleApp1", "ConsoleApp1\ConsoleApp1.csproj", "{DD2BD747-2319-47BA-B88D-93409569E3ED}"
EndProject
Global
	GlobalSection(SolutionConfigurationPlatforms) = preSolution
		Debug|Any CPU = Debug|Any CPU
		Release|Any CPU = Release|Any CPU
	EndGlobalSection
	GlobalSection(ProjectConfigurationPlatforms) = postSolution
		{DD2BD747-2319-47BA-B88D-93409569E3ED}.Debug|Any CPU.ActiveCfg = Debug|Any CPU
		{DD2BD747-2319-47BA-B88D-93409569E3ED}.Debug|Any CPU.Build.0 = Debug|Any CPU
		{DD2BD747-2319-47BA-B88D-93409569E3ED}.Release|Any CPU.ActiveCfg = Release|Any CPU
		{DD2BD747-2319-47BA-B88D-93409569E3ED}.Release|Any CPU.Build.0 = Release|Any CPU
	EndGlobalSection
	GlobalSection(SolutionProperties) = preSolution
		HideSolutionNode = FALSE
	EndGlobalSection
	GlobalSection(ExtensibilityGlobals) = postSolution
		SolutionGuid = {F85BD1AE-7442-456F-A2AA-8CEB94C0F69A}
	EndGlobalSection
EndGlobal
